
Microsoft Visual Studio Solution File, Format Version 12.00
# Visual Studio Version 16
VisualStudioVersion = 16.0.29201.188
MinimumVisualStudioVersion = 10.0.40219.1
Project("{FAE04EC0-301F-11D3-BF4B-00C04F79EFBC}") = "Projeto Bloqueio De Letras", "Projeto Bloqueio De Letras.csproj", "{FF385114-2EC3-4147-BB08-ED7B49173704}"
EndProject
Global
	GlobalSection(SolutionConfigurationPlatforms) = preSolution
		Debug|Any CPU = Debug|Any CPU
		Release|Any CPU = Release|Any CPU
	EndGlobalSection
	GlobalSection(ProjectConfigurationPlatforms) = postSolution
		{FF385114-2EC3-4147-BB08-ED7B49173704}.Debug|Any CPU.ActiveCfg = Debug|Any CPU
		{FF385114-2EC3-4147-BB08-ED7B49173704}.Debug|Any CPU.Build.0 = Debug|Any CPU
		{FF385114-2EC3-4147-BB08-ED7B49173704}.Release|Any CPU.ActiveCfg = Release|Any CPU
		{FF385114-2EC3-4147-BB08-ED7B49173704}.Release|Any CPU.Build.0 = Release|Any CPU
	EndGlobalSection
	GlobalSection(SolutionProperties) = preSolution
		HideSolutionNode = FALSE
	EndGlobalSection
	GlobalSection(ExtensibilityGlobals) = postSolution
		SolutionGuid = {28195259-692D-4334-AC14-B0CC93F5900B}
	EndGlobalSection
EndGlobal
